
Microsoft Visual Studio Solution File, Format Version 12.00
# Visual Studio Version 16
VisualStudioVersion = 16.0.31321.278
MinimumVisualStudioVersion = 10.0.40219.1
Project("{9092AA53-FB77-4645-B42D-1CCCA6BD08BD}") = "09.Mass.Extinction.Discord.Bot", "09.Mass.Extinction.Discord.Bot\09.Mass.Extinction.Discord.Bot.njsproj", "{1868D698-2B73-4D8F-80BD-C6544C6007E9}"
EndProject
Project("{2150E333-8FDC-42A3-9474-1A3956D46DE8}") = "Solution Items", "Solution Items", "{44B16E39-AEEA-42EB-9E19-56C519934A33}"
	ProjectSection(SolutionItems) = preProject
		.dockerignore = .dockerignore
		.gitattributes = .gitattributes
		.gitignore = .gitignore
		.config\dotnet-tools.json = .config\dotnet-tools.json
	EndProjectSection
EndProject
Project("{9A19103F-16F7-4668-BE54-9A1E7A4F7556}") = "09.Mass.Extinction.Api", "09.Mass.Extinction.Api\09.Mass.Extinction.Api.csproj", "{976D04FB-3F00-406C-9EBD-2B19FEDA3904}"
EndProject
Project("{FAE04EC0-301F-11D3-BF4B-00C04F79EFBC}") = "09.Mass.Extinction.Web", "09.Mass.Extinction.Web\09.Mass.Extinction.Web.csproj", "{C23FDF4B-091A-4623-815F-0A9D38BE5594}"
EndProject
Global
	GlobalSection(SolutionConfigurationPlatforms) = preSolution
		Debug|Any CPU = Debug|Any CPU
		Release|Any CPU = Release|Any CPU
	EndGlobalSection
	GlobalSection(ProjectConfigurationPlatforms) = postSolution
		{1868D698-2B73-4D8F-80BD-C6544C6007E9}.Debug|Any CPU.ActiveCfg = Debug|Any CPU
		{1868D698-2B73-4D8F-80BD-C6544C6007E9}.Debug|Any CPU.Build.0 = Debug|Any CPU
		{1868D698-2B73-4D8F-80BD-C6544C6007E9}.Release|Any CPU.ActiveCfg = Release|Any CPU
		{1868D698-2B73-4D8F-80BD-C6544C6007E9}.Release|Any CPU.Build.0 = Release|Any CPU
		{976D04FB-3F00-406C-9EBD-2B19FEDA3904}.Debug|Any CPU.ActiveCfg = Debug|Any CPU
		{976D04FB-3F00-406C-9EBD-2B19FEDA3904}.Debug|Any CPU.Build.0 = Debug|Any CPU
		{976D04FB-3F00-406C-9EBD-2B19FEDA3904}.Release|Any CPU.ActiveCfg = Release|Any CPU
		{976D04FB-3F00-406C-9EBD-2B19FEDA3904}.Release|Any CPU.Build.0 = Release|Any CPU
		{C23FDF4B-091A-4623-815F-0A9D38BE5594}.Debug|Any CPU.ActiveCfg = Debug|Any CPU
		{C23FDF4B-091A-4623-815F-0A9D38BE5594}.Debug|Any CPU.Build.0 = Debug|Any CPU
		{C23FDF4B-091A-4623-815F-0A9D38BE5594}.Release|Any CPU.ActiveCfg = Release|Any CPU
		{C23FDF4B-091A-4623-815F-0A9D38BE5594}.Release|Any CPU.Build.0 = Release|Any CPU
	EndGlobalSection
	GlobalSection(SolutionProperties) = preSolution
		HideSolutionNode = FALSE
	EndGlobalSection
	GlobalSection(ExtensibilityGlobals) = postSolution
		SolutionGuid = {6AB1E210-A040-4E99-B11C-89207530003F}
	EndGlobalSection
EndGlobal
